
Microsoft Visual Studio Solution File, Format Version 12.00
# Visual Studio 15
VisualStudioVersion = 15.0.27004.2009
MinimumVisualStudioVersion = 10.0.40219.1
Project("{FAE04EC0-301F-11D3-BF4B-00C04F79EFBC}") = "TestMenue", "TestMenue\TestMenue.csproj", "{C61857CF-9F10-459C-B192-24A1920710FE}"
EndProject
Global
	GlobalSection(SolutionConfigurationPlatforms) = preSolution
		Debug|Any CPU = Debug|Any CPU
		Dev|Any CPU = Dev|Any CPU
		Release|Any CPU = Release|Any CPU
	EndGlobalSection
	GlobalSection(ProjectConfigurationPlatforms) = postSolution
		{C61857CF-9F10-459C-B192-24A1920710FE}.Debug|Any CPU.ActiveCfg = Debug|Any CPU
		{C61857CF-9F10-459C-B192-24A1920710FE}.Debug|Any CPU.Build.0 = Debug|Any CPU
		{C61857CF-9F10-459C-B192-24A1920710FE}.Dev|Any CPU.ActiveCfg = Dev|Any CPU
		{C61857CF-9F10-459C-B192-24A1920710FE}.Dev|Any CPU.Build.0 = Dev|Any CPU
		{C61857CF-9F10-459C-B192-24A1920710FE}.Release|Any CPU.ActiveCfg = Release|Any CPU
		{C61857CF-9F10-459C-B192-24A1920710FE}.Release|Any CPU.Build.0 = Release|Any CPU
	EndGlobalSection
	GlobalSection(SolutionProperties) = preSolution
		HideSolutionNode = FALSE
	EndGlobalSection
	GlobalSection(ExtensibilityGlobals) = postSolution
		SolutionGuid = {D63F06DC-6D78-4AFA-9F40-9138BB084E9B}
	EndGlobalSection
EndGlobal
